
Microsoft Visual Studio Solution File, Format Version 12.00
# Visual Studio Version 17
VisualStudioVersion = 17.13.35825.156 d17.13
MinimumVisualStudioVersion = 10.0.40219.1
Project("{FAE04EC0-301F-11D3-BF4B-00C04F79EFBC}") = "QueDiaNaciste", "QueDiaNaciste.csproj", "{F35D280F-E10F-41F9-8087-AC3E51636169}"
EndProject
Global
	GlobalSection(SolutionConfigurationPlatforms) = preSolution
		Debug|Any CPU = Debug|Any CPU
		Release|Any CPU = Release|Any CPU
	EndGlobalSection
	GlobalSection(ProjectConfigurationPlatforms) = postSolution
		{F35D280F-E10F-41F9-8087-AC3E51636169}.Debug|Any CPU.ActiveCfg = Debug|Any CPU
		{F35D280F-E10F-41F9-8087-AC3E51636169}.Debug|Any CPU.Build.0 = Debug|Any CPU
		{F35D280F-E10F-41F9-8087-AC3E51636169}.Release|Any CPU.ActiveCfg = Release|Any CPU
		{F35D280F-E10F-41F9-8087-AC3E51636169}.Release|Any CPU.Build.0 = Release|Any CPU
	EndGlobalSection
	GlobalSection(SolutionProperties) = preSolution
		HideSolutionNode = FALSE
	EndGlobalSection
	GlobalSection(ExtensibilityGlobals) = postSolution
		SolutionGuid = {0B359D9E-EAF4-44E2-B890-5AF7949EE56C}
	EndGlobalSection
EndGlobal
